
Microsoft Visual Studio Solution File, Format Version 12.00
# Visual Studio Version 16
VisualStudioVersion = 16.0.29009.5
MinimumVisualStudioVersion = 10.0.40219.1
Project("{FAE04EC0-301F-11D3-BF4B-00C04F79EFBC}") = "CA1", "CA1\CA1.csproj", "{547E16FB-0207-4A68-9180-BFFAD2DE27AB}"
EndProject
Global
	GlobalSection(SolutionConfigurationPlatforms) = preSolution
		Debug|Any CPU = Debug|Any CPU
		Release|Any CPU = Release|Any CPU
	EndGlobalSection
	GlobalSection(ProjectConfigurationPlatforms) = postSolution
		{547E16FB-0207-4A68-9180-BFFAD2DE27AB}.Debug|Any CPU.ActiveCfg = Debug|Any CPU
		{547E16FB-0207-4A68-9180-BFFAD2DE27AB}.Debug|Any CPU.Build.0 = Debug|Any CPU
		{547E16FB-0207-4A68-9180-BFFAD2DE27AB}.Release|Any CPU.ActiveCfg = Release|Any CPU
		{547E16FB-0207-4A68-9180-BFFAD2DE27AB}.Release|Any CPU.Build.0 = Release|Any CPU
	EndGlobalSection
	GlobalSection(SolutionProperties) = preSolution
		HideSolutionNode = FALSE
	EndGlobalSection
	GlobalSection(ExtensibilityGlobals) = postSolution
		SolutionGuid = {FE1BD928-452A-4461-9B6C-0EC51FD58F04}
	EndGlobalSection
EndGlobal
